// !$*UTF8*$!
{
	archiveVersion = 1;
	classes = {
	};
	objectVersion = 55;
	objects = {

/* Begin PBXBuildFile section */
		2E8B766077ABB1A4D9039578 /* Pods_InstagramTests.framework in Frameworks */ = {isa = PBXBuildFile; fileRef = 894BE33D63DB55E45A40F368 /* Pods_InstagramTests.framework */; };
		64289E4BAE6E866410C8C0FA /* Pods_Instagram_InstagramUITests.framework in Frameworks */ = {isa = PBXBuildFile; fileRef = C9969A134499E742E4489127 /* Pods_Instagram_InstagramUITests.framework */; };
		858C25269A682BFFDE06D37E /* Pods_Instagram.framework in Frameworks */ = {isa = PBXBuildFile; fileRef = 98B9E6C0E61AFA33BF88E674 /* Pods_Instagram.framework */; };
		BF12F6D5286CE8B40089B061 /* Post.m in Sources */ = {isa = PBXBuildFile; fileRef = BF12F6D4286CE8B40089B061 /* Post.m */; };
		BF12F6DC286D19F10089B061 /* InstagramPostTableViewCell.m in Sources */ = {isa = PBXBuildFile; fileRef = BF12F6DA286D19F10089B061 /* InstagramPostTableViewCell.m */; };
		BF12F6DD286D19F10089B061 /* InstagramPostTableViewCell.xib in Resources */ = {isa = PBXBuildFile; fileRef = BF12F6DB286D19F10089B061 /* InstagramPostTableViewCell.xib */; };
		BF4EE02E286BAC76004E5721 /* ComposeViewController.m in Sources */ = {isa = PBXBuildFile; fileRef = BF4EE02C286BAC76004E5721 /* ComposeViewController.m */; };
		BF4EE02F286BAC76004E5721 /* ComposeViewController.xib in Resources */ = {isa = PBXBuildFile; fileRef = BF4EE02D286BAC76004E5721 /* ComposeViewController.xib */; };
		BF867F2D2870EC8000A03702 /* DetailsViewController.m in Sources */ = {isa = PBXBuildFile; fileRef = BF867F2C2870EC8000A03702 /* DetailsViewController.m */; };
		BF867F302870ECD300A03702 /* PostCollectionViewCell.m in Sources */ = {isa = PBXBuildFile; fileRef = BF867F2F2870ECD300A03702 /* PostCollectionViewCell.m */; };
		BF999960286A47E4007299A4 /* AppDelegate.m in Sources */ = {isa = PBXBuildFile; fileRef = BF99995F286A47E4007299A4 /* AppDelegate.m */; };
		BF999963286A47E4007299A4 /* SceneDelegate.m in Sources */ = {isa = PBXBuildFile; fileRef = BF999962286A47E4007299A4 /* SceneDelegate.m */; };
		BF999966286A47E4007299A4 /* ViewController.m in Sources */ = {isa = PBXBuildFile; fileRef = BF999965286A47E4007299A4 /* ViewController.m */; };
		BF999969286A47E4007299A4 /* Main.storyboard in Resources */ = {isa = PBXBuildFile; fileRef = BF999967286A47E4007299A4 /* Main.storyboard */; };
		BF99996B286A47E4007299A4 /* Assets.xcassets in Resources */ = {isa = PBXBuildFile; fileRef = BF99996A286A47E4007299A4 /* Assets.xcassets */; };
		BF99996E286A47E4007299A4 /* LaunchScreen.storyboard in Resources */ = {isa = PBXBuildFile; fileRef = BF99996C286A47E4007299A4 /* LaunchScreen.storyboard */; };
		BF999971286A47E4007299A4 /* main.m in Sources */ = {isa = PBXBuildFile; fileRef = BF999970286A47E4007299A4 /* main.m */; };
		BF99997B286A47E5007299A4 /* InstagramTests.m in Sources */ = {isa = PBXBuildFile; fileRef = BF99997A286A47E5007299A4 /* InstagramTests.m */; };
		BF999985286A47E5007299A4 /* InstagramUITests.m in Sources */ = {isa = PBXBuildFile; fileRef = BF999984286A47E5007299A4 /* InstagramUITests.m */; };
		BF999987286A47E5007299A4 /* InstagramUITestsLaunchTests.m in Sources */ = {isa = PBXBuildFile; fileRef = BF999986286A47E5007299A4 /* InstagramUITestsLaunchTests.m */; };
		BF9999A6286A61A9007299A4 /* Fonts in Resources */ = {isa = PBXBuildFile; fileRef = BF9999A5286A61A9007299A4 /* Fonts */; };
		BF9999A9286A62A2007299A4 /* Fontspring-DEMO-blue_vinyl_regular_ps_ot.otf in Resources */ = {isa = PBXBuildFile; fileRef = BF9999A7286A62A2007299A4 /* Fontspring-DEMO-blue_vinyl_regular_ps_ot.otf */; };
		BF9999AA286A62A2007299A4 /* Fontspring-DEMO-blue_vinyl_regular_ps_ot.otf 15-06-11-347.otf in Resources */ = {isa = PBXBuildFile; fileRef = BF9999A8286A62A2007299A4 /* Fontspring-DEMO-blue_vinyl_regular_ps_ot.otf 15-06-11-347.otf */; };
		BF9999AD286A62FD007299A4 /* SignupViewController.m in Sources */ = {isa = PBXBuildFile; fileRef = BF9999AC286A62FD007299A4 /* SignupViewController.m */; };
		BF9999B8286A672A007299A4 /* TimelineViewController.m in Sources */ = {isa = PBXBuildFile; fileRef = BF9999B7286A672A007299A4 /* TimelineViewController.m */; };
		BF9999BB286A67F0007299A4 /* Utilities.m in Sources */ = {isa = PBXBuildFile; fileRef = BF9999BA286A67F0007299A4 /* Utilities.m */; };
		BF9999BE286A6F48007299A4 /* LoginViewController.m in Sources */ = {isa = PBXBuildFile; fileRef = BF9999BD286A6F48007299A4 /* LoginViewController.m */; };
		BFBCC8D0286E65A70015A9A0 /* ProfileViewController.m in Sources */ = {isa = PBXBuildFile; fileRef = BFBCC8CE286E65A70015A9A0 /* ProfileViewController.m */; };
		BFBCC8D1286E65A70015A9A0 /* ProfileViewController.xib in Resources */ = {isa = PBXBuildFile; fileRef = BFBCC8CF286E65A70015A9A0 /* ProfileViewController.xib */; };
		BFBCC8DC2870D4AC0015A9A0 /* UserViewController.m in Sources */ = {isa = PBXBuildFile; fileRef = BFBCC8DB2870D4AC0015A9A0 /* UserViewController.m */; };
/* End PBXBuildFile section */

/* Begin PBXContainerItemProxy section */
		BF999977286A47E5007299A4 /* PBXContainerItemProxy */ = {
			isa = PBXContainerItemProxy;
			containerPortal = BF999953286A47E4007299A4 /* Project object */;
			proxyType = 1;
			remoteGlobalIDString = BF99995A286A47E4007299A4;
			remoteInfo = Instagram;
		};
		BF999981286A47E5007299A4 /* PBXContainerItemProxy */ = {
			isa = PBXContainerItemProxy;
			containerPortal = BF999953286A47E4007299A4 /* Project object */;
			proxyType = 1;
			remoteGlobalIDString = BF99995A286A47E4007299A4;
			remoteInfo = Instagram;
		};
/* End PBXContainerItemProxy section */

/* Begin PBXFileReference section */
		3F186F6EA01F7B1E26B2596F /* Pods-InstagramTests.debug.xcconfig */ = {isa = PBXFileReference; includeInIndex = 1; lastKnownFileType = text.xcconfig; name = "Pods-InstagramTests.debug.xcconfig"; path = "Target Support Files/Pods-InstagramTests/Pods-InstagramTests.debug.xcconfig"; sourceTree = "<group>"; };
		732DF4420F08143066B40C01 /* Pods-Instagram-InstagramUITests.debug.xcconfig */ = {isa = PBXFileReference; includeInIndex = 1; lastKnownFileType = text.xcconfig; name = "Pods-Instagram-InstagramUITests.debug.xcconfig"; path = "Target Support Files/Pods-Instagram-InstagramUITests/Pods-Instagram-InstagramUITests.debug.xcconfig"; sourceTree = "<group>"; };
		79B088F4EACE968364DD802A /* Pods-Instagram-InstagramUITests.release.xcconfig */ = {isa = PBXFileReference; includeInIndex = 1; lastKnownFileType = text.xcconfig; name = "Pods-Instagram-InstagramUITests.release.xcconfig"; path = "Target Support Files/Pods-Instagram-InstagramUITests/Pods-Instagram-InstagramUITests.release.xcconfig"; sourceTree = "<group>"; };
		894BE33D63DB55E45A40F368 /* Pods_InstagramTests.framework */ = {isa = PBXFileReference; explicitFileType = wrapper.framework; includeInIndex = 0; path = Pods_InstagramTests.framework; sourceTree = BUILT_PRODUCTS_DIR; };
		98B9E6C0E61AFA33BF88E674 /* Pods_Instagram.framework */ = {isa = PBXFileReference; explicitFileType = wrapper.framework; includeInIndex = 0; path = Pods_Instagram.framework; sourceTree = BUILT_PRODUCTS_DIR; };
		A37C4F7DE1D5C654C36F7D7E /* Pods-Instagram.release.xcconfig */ = {isa = PBXFileReference; includeInIndex = 1; lastKnownFileType = text.xcconfig; name = "Pods-Instagram.release.xcconfig"; path = "Target Support Files/Pods-Instagram/Pods-Instagram.release.xcconfig"; sourceTree = "<group>"; };
		BF12F6D3286CE8B40089B061 /* Post.h */ = {isa = PBXFileReference; lastKnownFileType = sourcecode.c.h; path = Post.h; sourceTree = "<group>"; };
		BF12F6D4286CE8B40089B061 /* Post.m */ = {isa = PBXFileReference; lastKnownFileType = sourcecode.c.objc; path = Post.m; sourceTree = "<group>"; };
		BF12F6D9286D19F10089B061 /* InstagramPostTableViewCell.h */ = {isa = PBXFileReference; lastKnownFileType = sourcecode.c.h; path = InstagramPostTableViewCell.h; sourceTree = "<group>"; };
		BF12F6DA286D19F10089B061 /* InstagramPostTableViewCell.m */ = {isa = PBXFileReference; lastKnownFileType = sourcecode.c.objc; path = InstagramPostTableViewCell.m; sourceTree = "<group>"; };
		BF12F6DB286D19F10089B061 /* InstagramPostTableViewCell.xib */ = {isa = PBXFileReference; lastKnownFileType = file.xib; path = InstagramPostTableViewCell.xib; sourceTree = "<group>"; };
		BF4EE02B286BAC76004E5721 /* ComposeViewController.h */ = {isa = PBXFileReference; lastKnownFileType = sourcecode.c.h; path = ComposeViewController.h; sourceTree = "<group>"; };
		BF4EE02C286BAC76004E5721 /* ComposeViewController.m */ = {isa = PBXFileReference; lastKnownFileType = sourcecode.c.objc; path = ComposeViewController.m; sourceTree = "<group>"; };
		BF4EE02D286BAC76004E5721 /* ComposeViewController.xib */ = {isa = PBXFileReference; lastKnownFileType = file.xib; path = ComposeViewController.xib; sourceTree = "<group>"; };
		BF867F2B2870EC8000A03702 /* DetailsViewController.h */ = {isa = PBXFileReference; lastKnownFileType = sourcecode.c.h; path = DetailsViewController.h; sourceTree = "<group>"; };
		BF867F2C2870EC8000A03702 /* DetailsViewController.m */ = {isa = PBXFileReference; lastKnownFileType = sourcecode.c.objc; path = DetailsViewController.m; sourceTree = "<group>"; };
		BF867F2E2870ECD300A03702 /* PostCollectionViewCell.h */ = {isa = PBXFileReference; lastKnownFileType = sourcecode.c.h; path = PostCollectionViewCell.h; sourceTree = "<group>"; };
		BF867F2F2870ECD300A03702 /* PostCollectionViewCell.m */ = {isa = PBXFileReference; lastKnownFileType = sourcecode.c.objc; path = PostCollectionViewCell.m; sourceTree = "<group>"; };
		BF99995B286A47E4007299A4 /* Instagram.app */ = {isa = PBXFileReference; explicitFileType = wrapper.application; includeInIndex = 0; path = Instagram.app; sourceTree = BUILT_PRODUCTS_DIR; };
		BF99995E286A47E4007299A4 /* AppDelegate.h */ = {isa = PBXFileReference; lastKnownFileType = sourcecode.c.h; path = AppDelegate.h; sourceTree = "<group>"; };
		BF99995F286A47E4007299A4 /* AppDelegate.m */ = {isa = PBXFileReference; lastKnownFileType = sourcecode.c.objc; path = AppDelegate.m; sourceTree = "<group>"; };
		BF999961286A47E4007299A4 /* SceneDelegate.h */ = {isa = PBXFileReference; lastKnownFileType = sourcecode.c.h; path = SceneDelegate.h; sourceTree = "<group>"; };
		BF999962286A47E4007299A4 /* SceneDelegate.m */ = {isa = PBXFileReference; lastKnownFileType = sourcecode.c.objc; path = SceneDelegate.m; sourceTree = "<group>"; };
		BF999964286A47E4007299A4 /* ViewController.h */ = {isa = PBXFileReference; lastKnownFileType = sourcecode.c.h; path = ViewController.h; sourceTree = "<group>"; };
		BF999965286A47E4007299A4 /* ViewController.m */ = {isa = PBXFileReference; lastKnownFileType = sourcecode.c.objc; path = ViewController.m; sourceTree = "<group>"; };
		BF999968286A47E4007299A4 /* Base */ = {isa = PBXFileReference; lastKnownFileType = file.storyboard; name = Base; path = Base.lproj/Main.storyboard; sourceTree = "<group>"; };
		BF99996A286A47E4007299A4 /* Assets.xcassets */ = {isa = PBXFileReference; lastKnownFileType = folder.assetcatalog; path = Assets.xcassets; sourceTree = "<group>"; };
		BF99996D286A47E4007299A4 /* Base */ = {isa = PBXFileReference; lastKnownFileType = file.storyboard; name = Base; path = Base.lproj/LaunchScreen.storyboard; sourceTree = "<group>"; };
		BF99996F286A47E4007299A4 /* Info.plist */ = {isa = PBXFileReference; lastKnownFileType = text.plist.xml; path = Info.plist; sourceTree = "<group>"; };
		BF999970286A47E4007299A4 /* main.m */ = {isa = PBXFileReference; lastKnownFileType = sourcecode.c.objc; path = main.m; sourceTree = "<group>"; };
		BF999976286A47E5007299A4 /* InstagramTests.xctest */ = {isa = PBXFileReference; explicitFileType = wrapper.cfbundle; includeInIndex = 0; path = InstagramTests.xctest; sourceTree = BUILT_PRODUCTS_DIR; };
		BF99997A286A47E5007299A4 /* InstagramTests.m */ = {isa = PBXFileReference; lastKnownFileType = sourcecode.c.objc; path = InstagramTests.m; sourceTree = "<group>"; };
		BF999980286A47E5007299A4 /* InstagramUITests.xctest */ = {isa = PBXFileReference; explicitFileType = wrapper.cfbundle; includeInIndex = 0; path = InstagramUITests.xctest; sourceTree = BUILT_PRODUCTS_DIR; };
		BF999984286A47E5007299A4 /* InstagramUITests.m */ = {isa = PBXFileReference; lastKnownFileType = sourcecode.c.objc; path = InstagramUITests.m; sourceTree = "<group>"; };
		BF999986286A47E5007299A4 /* InstagramUITestsLaunchTests.m */ = {isa = PBXFileReference; lastKnownFileType = sourcecode.c.objc; path = InstagramUITestsLaunchTests.m; sourceTree = "<group>"; };
		BF9999A5286A61A9007299A4 /* Fonts */ = {isa = PBXFileReference; lastKnownFileType = folder; path = Fonts; sourceTree = "<group>"; };
		BF9999A7286A62A2007299A4 /* Fontspring-DEMO-blue_vinyl_regular_ps_ot.otf */ = {isa = PBXFileReference; lastKnownFileType = file; path = "Fontspring-DEMO-blue_vinyl_regular_ps_ot.otf"; sourceTree = "<group>"; };
		BF9999A8286A62A2007299A4 /* Fontspring-DEMO-blue_vinyl_regular_ps_ot.otf 15-06-11-347.otf */ = {isa = PBXFileReference; lastKnownFileType = file; path = "Fontspring-DEMO-blue_vinyl_regular_ps_ot.otf 15-06-11-347.otf"; sourceTree = "<group>"; };
		BF9999AB286A62FD007299A4 /* SignupViewController.h */ = {isa = PBXFileReference; lastKnownFileType = sourcecode.c.h; path = SignupViewController.h; sourceTree = "<group>"; };
		BF9999AC286A62FD007299A4 /* SignupViewController.m */ = {isa = PBXFileReference; lastKnownFileType = sourcecode.c.objc; path = SignupViewController.m; sourceTree = "<group>"; };
		BF9999B6286A672A007299A4 /* TimelineViewController.h */ = {isa = PBXFileReference; lastKnownFileType = sourcecode.c.h; path = TimelineViewController.h; sourceTree = "<group>"; };
		BF9999B7286A672A007299A4 /* TimelineViewController.m */ = {isa = PBXFileReference; lastKnownFileType = sourcecode.c.objc; path = TimelineViewController.m; sourceTree = "<group>"; };
		BF9999B9286A67F0007299A4 /* Utilities.h */ = {isa = PBXFileReference; lastKnownFileType = sourcecode.c.h; path = Utilities.h; sourceTree = "<group>"; };
		BF9999BA286A67F0007299A4 /* Utilities.m */ = {isa = PBXFileReference; lastKnownFileType = sourcecode.c.objc; path = Utilities.m; sourceTree = "<group>"; };
		BF9999BC286A6F48007299A4 /* LoginViewController.h */ = {isa = PBXFileReference; lastKnownFileType = sourcecode.c.h; path = LoginViewController.h; sourceTree = "<group>"; };
		BF9999BD286A6F48007299A4 /* LoginViewController.m */ = {isa = PBXFileReference; lastKnownFileType = sourcecode.c.objc; path = LoginViewController.m; sourceTree = "<group>"; };
		BFBCC8CD286E65A70015A9A0 /* ProfileViewController.h */ = {isa = PBXFileReference; lastKnownFileType = sourcecode.c.h; path = ProfileViewController.h; sourceTree = "<group>"; };
		BFBCC8CE286E65A70015A9A0 /* ProfileViewController.m */ = {isa = PBXFileReference; lastKnownFileType = sourcecode.c.objc; path = ProfileViewController.m; sourceTree = "<group>"; };
		BFBCC8CF286E65A70015A9A0 /* ProfileViewController.xib */ = {isa = PBXFileReference; lastKnownFileType = file.xib; path = ProfileViewController.xib; sourceTree = "<group>"; };
		BFBCC8DA2870D4AC0015A9A0 /* UserViewController.h */ = {isa = PBXFileReference; lastKnownFileType = sourcecode.c.h; path = UserViewController.h; sourceTree = "<group>"; };
		BFBCC8DB2870D4AC0015A9A0 /* UserViewController.m */ = {isa = PBXFileReference; lastKnownFileType = sourcecode.c.objc; path = UserViewController.m; sourceTree = "<group>"; };
		C639A757E4F53C32D265F32A /* Pods-InstagramTests.release.xcconfig */ = {isa = PBXFileReference; includeInIndex = 1; lastKnownFileType = text.xcconfig; name = "Pods-InstagramTests.release.xcconfig"; path = "Target Support Files/Pods-InstagramTests/Pods-InstagramTests.release.xcconfig"; sourceTree = "<group>"; };
		C9969A134499E742E4489127 /* Pods_Instagram_InstagramUITests.framework */ = {isa = PBXFileReference; explicitFileType = wrapper.framework; includeInIndex = 0; path = Pods_Instagram_InstagramUITests.framework; sourceTree = BUILT_PRODUCTS_DIR; };
		EDAAAE1801C26C75C08045C7 /* Pods-Instagram.debug.xcconfig */ = {isa = PBXFileReference; includeInIndex = 1; lastKnownFileType = text.xcconfig; name = "Pods-Instagram.debug.xcconfig"; path = "Target Support Files/Pods-Instagram/Pods-Instagram.debug.xcconfig"; sourceTree = "<group>"; };
/* End PBXFileReference section */

/* Begin PBXFrameworksBuildPhase section */
		BF999958286A47E4007299A4 /* Frameworks */ = {
			isa = PBXFrameworksBuildPhase;
			buildActionMask = 2147483647;
			files = (
				858C25269A682BFFDE06D37E /* Pods_Instagram.framework in Frameworks */,
			);
			runOnlyForDeploymentPostprocessing = 0;
		};
		BF999973286A47E5007299A4 /* Frameworks */ = {
			isa = PBXFrameworksBuildPhase;
			buildActionMask = 2147483647;
			files = (
				2E8B766077ABB1A4D9039578 /* Pods_InstagramTests.framework in Frameworks */,
			);
			runOnlyForDeploymentPostprocessing = 0;
		};
		BF99997D286A47E5007299A4 /* Frameworks */ = {
			isa = PBXFrameworksBuildPhase;
			buildActionMask = 2147483647;
			files = (
				64289E4BAE6E866410C8C0FA /* Pods_Instagram_InstagramUITests.framework in Frameworks */,
			);
			runOnlyForDeploymentPostprocessing = 0;
		};
/* End PBXFrameworksBuildPhase section */

/* Begin PBXGroup section */
		AFA3FE62AE483FCC34452D3B /* Frameworks */ = {
			isa = PBXGroup;
			children = (
				98B9E6C0E61AFA33BF88E674 /* Pods_Instagram.framework */,
				C9969A134499E742E4489127 /* Pods_Instagram_InstagramUITests.framework */,
				894BE33D63DB55E45A40F368 /* Pods_InstagramTests.framework */,
			);
			name = Frameworks;
			sourceTree = "<group>";
		};
		BF999952286A47E4007299A4 = {
			isa = PBXGroup;
			children = (
				BF9999A7286A62A2007299A4 /* Fontspring-DEMO-blue_vinyl_regular_ps_ot.otf */,
				BF9999A8286A62A2007299A4 /* Fontspring-DEMO-blue_vinyl_regular_ps_ot.otf 15-06-11-347.otf */,
				BF99995D286A47E4007299A4 /* Instagram */,
				BF999979286A47E5007299A4 /* InstagramTests */,
				BF999983286A47E5007299A4 /* InstagramUITests */,
				BF99995C286A47E4007299A4 /* Products */,
				E7605E1CFD9C9EF5C52F029C /* Pods */,
				AFA3FE62AE483FCC34452D3B /* Frameworks */,
			);
			sourceTree = "<group>";
		};
		BF99995C286A47E4007299A4 /* Products */ = {
			isa = PBXGroup;
			children = (
				BF99995B286A47E4007299A4 /* Instagram.app */,
				BF999976286A47E5007299A4 /* InstagramTests.xctest */,
				BF999980286A47E5007299A4 /* InstagramUITests.xctest */,
			);
			name = Products;
			sourceTree = "<group>";
		};
		BF99995D286A47E4007299A4 /* Instagram */ = {
			isa = PBXGroup;
			children = (
				BF99999F286A60C0007299A4 /* Assets */,
				BF99999E286A60B1007299A4 /* Views */,
				BF99999D286A60A4007299A4 /* Models */,
				BF99999C286A6099007299A4 /* API */,
				BF99999B286A6071007299A4 /* View Controllers */,
				BF99995E286A47E4007299A4 /* AppDelegate.h */,
				BF99995F286A47E4007299A4 /* AppDelegate.m */,
				BF999961286A47E4007299A4 /* SceneDelegate.h */,
				BF999962286A47E4007299A4 /* SceneDelegate.m */,
				BF999964286A47E4007299A4 /* ViewController.h */,
				BF999965286A47E4007299A4 /* ViewController.m */,
				BF999967286A47E4007299A4 /* Main.storyboard */,
				BF99996C286A47E4007299A4 /* LaunchScreen.storyboard */,
				BF99996F286A47E4007299A4 /* Info.plist */,
				BF999970286A47E4007299A4 /* main.m */,
			);
			path = Instagram;
			sourceTree = "<group>";
		};
		BF999979286A47E5007299A4 /* InstagramTests */ = {
			isa = PBXGroup;
			children = (
				BF99997A286A47E5007299A4 /* InstagramTests.m */,
			);
			path = InstagramTests;
			sourceTree = "<group>";
		};
		BF999983286A47E5007299A4 /* InstagramUITests */ = {
			isa = PBXGroup;
			children = (
				BF999984286A47E5007299A4 /* InstagramUITests.m */,
				BF999986286A47E5007299A4 /* InstagramUITestsLaunchTests.m */,
			);
			path = InstagramUITests;
			sourceTree = "<group>";
		};
		BF99999B286A6071007299A4 /* View Controllers */ = {
			isa = PBXGroup;
			children = (
				BF9999AB286A62FD007299A4 /* SignupViewController.h */,
				BF9999AC286A62FD007299A4 /* SignupViewController.m */,
				BF9999B6286A672A007299A4 /* TimelineViewController.h */,
				BF9999B7286A672A007299A4 /* TimelineViewController.m */,
				BF9999BC286A6F48007299A4 /* LoginViewController.h */,
				BF9999BD286A6F48007299A4 /* LoginViewController.m */,
				BF4EE02B286BAC76004E5721 /* ComposeViewController.h */,
				BF4EE02C286BAC76004E5721 /* ComposeViewController.m */,
				BF4EE02D286BAC76004E5721 /* ComposeViewController.xib */,
				BFBCC8CD286E65A70015A9A0 /* ProfileViewController.h */,
				BFBCC8CE286E65A70015A9A0 /* ProfileViewController.m */,
				BFBCC8CF286E65A70015A9A0 /* ProfileViewController.xib */,
				BFBCC8DA2870D4AC0015A9A0 /* UserViewController.h */,
				BFBCC8DB2870D4AC0015A9A0 /* UserViewController.m */,
				BF867F2B2870EC8000A03702 /* DetailsViewController.h */,
				BF867F2C2870EC8000A03702 /* DetailsViewController.m */,
			);
			path = "View Controllers";
			sourceTree = "<group>";
		};
		BF99999C286A6099007299A4 /* API */ = {
			isa = PBXGroup;
			children = (
				BF9999B9286A67F0007299A4 /* Utilities.h */,
				BF9999BA286A67F0007299A4 /* Utilities.m */,
			);
			path = API;
			sourceTree = "<group>";
		};
		BF99999D286A60A4007299A4 /* Models */ = {
			isa = PBXGroup;
			children = (
				BF12F6D3286CE8B40089B061 /* Post.h */,
				BF12F6D4286CE8B40089B061 /* Post.m */,
			);
			path = Models;
			sourceTree = "<group>";
		};
		BF99999E286A60B1007299A4 /* Views */ = {
			isa = PBXGroup;
			children = (
				BF12F6D9286D19F10089B061 /* InstagramPostTableViewCell.h */,
				BF12F6DA286D19F10089B061 /* InstagramPostTableViewCell.m */,
				BF12F6DB286D19F10089B061 /* InstagramPostTableViewCell.xib */,
				BF867F2E2870ECD300A03702 /* PostCollectionViewCell.h */,
				BF867F2F2870ECD300A03702 /* PostCollectionViewCell.m */,
			);
			path = Views;
			sourceTree = "<group>";
		};
		BF99999F286A60C0007299A4 /* Assets */ = {
			isa = PBXGroup;
			children = (
				BF9999A5286A61A9007299A4 /* Fonts */,
				BF99996A286A47E4007299A4 /* Assets.xcassets */,
			);
			path = Assets;
			sourceTree = "<group>";
		};
		E7605E1CFD9C9EF5C52F029C /* Pods */ = {
			isa = PBXGroup;
			children = (
				EDAAAE1801C26C75C08045C7 /* Pods-Instagram.debug.xcconfig */,
				A37C4F7DE1D5C654C36F7D7E /* Pods-Instagram.release.xcconfig */,
				732DF4420F08143066B40C01 /* Pods-Instagram-InstagramUITests.debug.xcconfig */,
				79B088F4EACE968364DD802A /* Pods-Instagram-InstagramUITests.release.xcconfig */,
				3F186F6EA01F7B1E26B2596F /* Pods-InstagramTests.debug.xcconfig */,
				C639A757E4F53C32D265F32A /* Pods-InstagramTests.release.xcconfig */,
			);
			path = Pods;
			sourceTree = "<group>";
		};
/* End PBXGroup section */

/* Begin PBXNativeTarget section */
		BF99995A286A47E4007299A4 /* Instagram */ = {
			isa = PBXNativeTarget;
			buildConfigurationList = BF99998A286A47E5007299A4 /* Build configuration list for PBXNativeTarget "Instagram" */;
			buildPhases = (
				7044F75DCDAA73C0D82FCAD5 /* [CP] Check Pods Manifest.lock */,
				BF999957286A47E4007299A4 /* Sources */,
				BF999958286A47E4007299A4 /* Frameworks */,
				BF999959286A47E4007299A4 /* Resources */,
				E517F9105035C1CCA37FD8D3 /* [CP] Embed Pods Frameworks */,
			);
			buildRules = (
			);
			dependencies = (
			);
			name = Instagram;
			productName = Instagram;
			productReference = BF99995B286A47E4007299A4 /* Instagram.app */;
			productType = "com.apple.product-type.application";
		};
		BF999975286A47E5007299A4 /* InstagramTests */ = {
			isa = PBXNativeTarget;
			buildConfigurationList = BF99998D286A47E5007299A4 /* Build configuration list for PBXNativeTarget "InstagramTests" */;
			buildPhases = (
				392DE03540D517DE83552C33 /* [CP] Check Pods Manifest.lock */,
				BF999972286A47E5007299A4 /* Sources */,
				BF999973286A47E5007299A4 /* Frameworks */,
				BF999974286A47E5007299A4 /* Resources */,
			);
			buildRules = (
			);
			dependencies = (
				BF999978286A47E5007299A4 /* PBXTargetDependency */,
			);
			name = InstagramTests;
			productName = InstagramTests;
			productReference = BF999976286A47E5007299A4 /* InstagramTests.xctest */;
			productType = "com.apple.product-type.bundle.unit-test";
		};
		BF99997F286A47E5007299A4 /* InstagramUITests */ = {
			isa = PBXNativeTarget;
			buildConfigurationList = BF999990286A47E5007299A4 /* Build configuration list for PBXNativeTarget "InstagramUITests" */;
			buildPhases = (
				DD95CBF6CA01F033CB208992 /* [CP] Check Pods Manifest.lock */,
				BF99997C286A47E5007299A4 /* Sources */,
				BF99997D286A47E5007299A4 /* Frameworks */,
				BF99997E286A47E5007299A4 /* Resources */,
				C4B74FBADB4D670111242CDF /* [CP] Embed Pods Frameworks */,
			);
			buildRules = (
			);
			dependencies = (
				BF999982286A47E5007299A4 /* PBXTargetDependency */,
			);
			name = InstagramUITests;
			productName = InstagramUITests;
			productReference = BF999980286A47E5007299A4 /* InstagramUITests.xctest */;
			productType = "com.apple.product-type.bundle.ui-testing";
		};
/* End PBXNativeTarget section */

/* Begin PBXProject section */
		BF999953286A47E4007299A4 /* Project object */ = {
			isa = PBXProject;
			attributes = {
				BuildIndependentTargetsInParallel = 1;
				LastUpgradeCheck = 1340;
				TargetAttributes = {
					BF99995A286A47E4007299A4 = {
						CreatedOnToolsVersion = 13.4.1;
					};
					BF999975286A47E5007299A4 = {
						CreatedOnToolsVersion = 13.4.1;
						TestTargetID = BF99995A286A47E4007299A4;
					};
					BF99997F286A47E5007299A4 = {
						CreatedOnToolsVersion = 13.4.1;
						TestTargetID = BF99995A286A47E4007299A4;
					};
				};
			};
			buildConfigurationList = BF999956286A47E4007299A4 /* Build configuration list for PBXProject "Instagram" */;
			compatibilityVersion = "Xcode 13.0";
			developmentRegion = en;
			hasScannedForEncodings = 0;
			knownRegions = (
				en,
				Base,
			);
			mainGroup = BF999952286A47E4007299A4;
			productRefGroup = BF99995C286A47E4007299A4 /* Products */;
			projectDirPath = "";
			projectRoot = "";
			targets = (
				BF99995A286A47E4007299A4 /* Instagram */,
				BF999975286A47E5007299A4 /* InstagramTests */,
				BF99997F286A47E5007299A4 /* InstagramUITests */,
			);
		};
/* End PBXProject section */

/* Begin PBXResourcesBuildPhase section */
		BF999959286A47E4007299A4 /* Resources */ = {
			isa = PBXResourcesBuildPhase;
			buildActionMask = 2147483647;
			files = (
				BFBCC8D1286E65A70015A9A0 /* ProfileViewController.xib in Resources */,
				BF99996E286A47E4007299A4 /* LaunchScreen.storyboard in Resources */,
				BF99996B286A47E4007299A4 /* Assets.xcassets in Resources */,
				BF999969286A47E4007299A4 /* Main.storyboard in Resources */,
				BF9999AA286A62A2007299A4 /* Fontspring-DEMO-blue_vinyl_regular_ps_ot.otf 15-06-11-347.otf in Resources */,
				BF4EE02F286BAC76004E5721 /* ComposeViewController.xib in Resources */,
				BF9999A6286A61A9007299A4 /* Fonts in Resources */,
				BF12F6DD286D19F10089B061 /* InstagramPostTableViewCell.xib in Resources */,
				BF9999A9286A62A2007299A4 /* Fontspring-DEMO-blue_vinyl_regular_ps_ot.otf in Resources */,
			);
			runOnlyForDeploymentPostprocessing = 0;
		};
		BF999974286A47E5007299A4 /* Resources */ = {
			isa = PBXResourcesBuildPhase;
			buildActionMask = 2147483647;
			files = (
			);
			runOnlyForDeploymentPostprocessing = 0;
		};
		BF99997E286A47E5007299A4 /* Resources */ = {
			isa = PBXResourcesBuildPhase;
			buildActionMask = 2147483647;
			files = (
			);
			runOnlyForDeploymentPostprocessing = 0;
		};
/* End PBXResourcesBuildPhase section */

/* Begin PBXShellScriptBuildPhase section */
		392DE03540D517DE83552C33 /* [CP] Check Pods Manifest.lock */ = {
			isa = PBXShellScriptBuildPhase;
			buildActionMask = 2147483647;
			files = (
			);
			inputFileListPaths = (
			);
			inputPaths = (
				"${PODS_PODFILE_DIR_PATH}/Podfile.lock",
				"${PODS_ROOT}/Manifest.lock",
			);
			name = "[CP] Check Pods Manifest.lock";
			outputFileListPaths = (
			);
			outputPaths = (
				"$(DERIVED_FILE_DIR)/Pods-InstagramTests-checkManifestLockResult.txt",
			);
			runOnlyForDeploymentPostprocessing = 0;
			shellPath = /bin/sh;
			shellScript = "diff \"${PODS_PODFILE_DIR_PATH}/Podfile.lock\" \"${PODS_ROOT}/Manifest.lock\" > /dev/null\nif [ $? != 0 ] ; then\n    # print error to STDERR\n    echo \"error: The sandbox is not in sync with the Podfile.lock. Run 'pod install' or update your CocoaPods installation.\" >&2\n    exit 1\nfi\n# This output is used by Xcode 'outputs' to avoid re-running this script phase.\necho \"SUCCESS\" > \"${SCRIPT_OUTPUT_FILE_0}\"\n";
			showEnvVarsInLog = 0;
		};
		7044F75DCDAA73C0D82FCAD5 /* [CP] Check Pods Manifest.lock */ = {
			isa = PBXShellScriptBuildPhase;
			buildActionMask = 2147483647;
			files = (
			);
			inputFileListPaths = (
			);
			inputPaths = (
				"${PODS_PODFILE_DIR_PATH}/Podfile.lock",
				"${PODS_ROOT}/Manifest.lock",
			);
			name = "[CP] Check Pods Manifest.lock";
			outputFileListPaths = (
			);
			outputPaths = (
				"$(DERIVED_FILE_DIR)/Pods-Instagram-checkManifestLockResult.txt",
			);
			runOnlyForDeploymentPostprocessing = 0;
			shellPath = /bin/sh;
			shellScript = "diff \"${PODS_PODFILE_DIR_PATH}/Podfile.lock\" \"${PODS_ROOT}/Manifest.lock\" > /dev/null\nif [ $? != 0 ] ; then\n    # print error to STDERR\n    echo \"error: The sandbox is not in sync with the Podfile.lock. Run 'pod install' or update your CocoaPods installation.\" >&2\n    exit 1\nfi\n# This output is used by Xcode 'outputs' to avoid re-running this script phase.\necho \"SUCCESS\" > \"${SCRIPT_OUTPUT_FILE_0}\"\n";
			showEnvVarsInLog = 0;
		};
		C4B74FBADB4D670111242CDF /* [CP] Embed Pods Frameworks */ = {
			isa = PBXShellScriptBuildPhase;
			buildActionMask = 2147483647;
			files = (
			);
			inputFileListPaths = (
				"${PODS_ROOT}/Target Support Files/Pods-Instagram-InstagramUITests/Pods-Instagram-InstagramUITests-frameworks-${CONFIGURATION}-input-files.xcfilelist",
			);
			name = "[CP] Embed Pods Frameworks";
			outputFileListPaths = (
				"${PODS_ROOT}/Target Support Files/Pods-Instagram-InstagramUITests/Pods-Instagram-InstagramUITests-frameworks-${CONFIGURATION}-output-files.xcfilelist",
			);
			runOnlyForDeploymentPostprocessing = 0;
			shellPath = /bin/sh;
			shellScript = "\"${PODS_ROOT}/Target Support Files/Pods-Instagram-InstagramUITests/Pods-Instagram-InstagramUITests-frameworks.sh\"\n";
			showEnvVarsInLog = 0;
		};
		DD95CBF6CA01F033CB208992 /* [CP] Check Pods Manifest.lock */ = {
			isa = PBXShellScriptBuildPhase;
			buildActionMask = 2147483647;
			files = (
			);
			inputFileListPaths = (
			);
			inputPaths = (
				"${PODS_PODFILE_DIR_PATH}/Podfile.lock",
				"${PODS_ROOT}/Manifest.lock",
			);
			name = "[CP] Check Pods Manifest.lock";
			outputFileListPaths = (
			);
			outputPaths = (
				"$(DERIVED_FILE_DIR)/Pods-Instagram-InstagramUITests-checkManifestLockResult.txt",
			);
			runOnlyForDeploymentPostprocessing = 0;
			shellPath = /bin/sh;
			shellScript = "diff \"${PODS_PODFILE_DIR_PATH}/Podfile.lock\" \"${PODS_ROOT}/Manifest.lock\" > /dev/null\nif [ $? != 0 ] ; then\n    # print error to STDERR\n    echo \"error: The sandbox is not in sync with the Podfile.lock. Run 'pod install' or update your CocoaPods installation.\" >&2\n    exit 1\nfi\n# This output is used by Xcode 'outputs' to avoid re-running this script phase.\necho \"SUCCESS\" > \"${SCRIPT_OUTPUT_FILE_0}\"\n";
			showEnvVarsInLog = 0;
		};
		E517F9105035C1CCA37FD8D3 /* [CP] Embed Pods Frameworks */ = {
			isa = PBXShellScriptBuildPhase;
			buildActionMask = 2147483647;
			files = (
			);
			inputFileListPaths = (
				"${PODS_ROOT}/Target Support Files/Pods-Instagram/Pods-Instagram-frameworks-${CONFIGURATION}-input-files.xcfilelist",
			);
			name = "[CP] Embed Pods Frameworks";
			outputFileListPaths = (
				"${PODS_ROOT}/Target Support Files/Pods-Instagram/Pods-Instagram-frameworks-${CONFIGURATION}-output-files.xcfilelist",
			);
			runOnlyForDeploymentPostprocessing = 0;
			shellPath = /bin/sh;
			shellScript = "\"${PODS_ROOT}/Target Support Files/Pods-Instagram/Pods-Instagram-frameworks.sh\"\n";
			showEnvVarsInLog = 0;
		};
/* End PBXShellScriptBuildPhase section */

/* Begin PBXSourcesBuildPhase section */
		BF999957286A47E4007299A4 /* Sources */ = {
			isa = PBXSourcesBuildPhase;
			buildActionMask = 2147483647;
			files = (
				BF9999BE286A6F48007299A4 /* LoginViewController.m in Sources */,
				BF999966286A47E4007299A4 /* ViewController.m in Sources */,
				BF867F302870ECD300A03702 /* PostCollectionViewCell.m in Sources */,
				BF999960286A47E4007299A4 /* AppDelegate.m in Sources */,
				BF4EE02E286BAC76004E5721 /* ComposeViewController.m in Sources */,
				BF999971286A47E4007299A4 /* main.m in Sources */,
				BF12F6D5286CE8B40089B061 /* Post.m in Sources */,
				BF867F2D2870EC8000A03702 /* DetailsViewController.m in Sources */,
				BF999963286A47E4007299A4 /* SceneDelegate.m in Sources */,
				BFBCC8DC2870D4AC0015A9A0 /* UserViewController.m in Sources */,
				BF12F6DC286D19F10089B061 /* InstagramPostTableViewCell.m in Sources */,
				BF9999AD286A62FD007299A4 /* SignupViewController.m in Sources */,
				BF9999BB286A67F0007299A4 /* Utilities.m in Sources */,
				BFBCC8D0286E65A70015A9A0 /* ProfileViewController.m in Sources */,
				BF9999B8286A672A007299A4 /* TimelineViewController.m in Sources */,
			);
			runOnlyForDeploymentPostprocessing = 0;
		};
		BF999972286A47E5007299A4 /* Sources */ = {
			isa = PBXSourcesBuildPhase;
			buildActionMask = 2147483647;
			files = (
				BF99997B286A47E5007299A4 /* InstagramTests.m in Sources */,
			);
			runOnlyForDeploymentPostprocessing = 0;
		};
		BF99997C286A47E5007299A4 /* Sources */ = {
			isa = PBXSourcesBuildPhase;
			buildActionMask = 2147483647;
			files = (
				BF999985286A47E5007299A4 /* InstagramUITests.m in Sources */,
				BF999987286A47E5007299A4 /* InstagramUITestsLaunchTests.m in Sources */,
			);
			runOnlyForDeploymentPostprocessing = 0;
		};
/* End PBXSourcesBuildPhase section */

/* Begin PBXTargetDependency section */
		BF999978286A47E5007299A4 /* PBXTargetDependency */ = {
			isa = PBXTargetDependency;
			target = BF99995A286A47E4007299A4 /* Instagram */;
			targetProxy = BF999977286A47E5007299A4 /* PBXContainerItemProxy */;
		};
		BF999982286A47E5007299A4 /* PBXTargetDependency */ = {
			isa = PBXTargetDependency;
			target = BF99995A286A47E4007299A4 /* Instagram */;
			targetProxy = BF999981286A47E5007299A4 /* PBXContainerItemProxy */;
		};
/* End PBXTargetDependency section */

/* Begin PBXVariantGroup section */
		BF999967286A47E4007299A4 /* Main.storyboard */ = {
			isa = PBXVariantGroup;
			children = (
				BF999968286A47E4007299A4 /* Base */,
			);
			name = Main.storyboard;
			sourceTree = "<group>";
		};
		BF99996C286A47E4007299A4 /* LaunchScreen.storyboard */ = {
			isa = PBXVariantGroup;
			children = (
				BF99996D286A47E4007299A4 /* Base */,
			);
			name = LaunchScreen.storyboard;
			sourceTree = "<group>";
		};
/* End PBXVariantGroup section */

/* Begin XCBuildConfiguration section */
		BF999988286A47E5007299A4 /* Debug */ = {
			isa = XCBuildConfiguration;
			buildSettings = {
				ALWAYS_SEARCH_USER_PATHS = NO;
				CLANG_ANALYZER_NONNULL = YES;
				CLANG_ANALYZER_NUMBER_OBJECT_CONVERSION = YES_AGGRESSIVE;
				CLANG_CXX_LANGUAGE_STANDARD = "gnu++17";
				CLANG_ENABLE_MODULES = YES;
				CLANG_ENABLE_OBJC_ARC = YES;
				CLANG_ENABLE_OBJC_WEAK = YES;
				CLANG_WARN_BLOCK_CAPTURE_AUTORELEASING = YES;
				CLANG_WARN_BOOL_CONVERSION = YES;
				CLANG_WARN_COMMA = YES;
				CLANG_WARN_CONSTANT_CONVERSION = YES;
				CLANG_WARN_DEPRECATED_OBJC_IMPLEMENTATIONS = YES;
				CLANG_WARN_DIRECT_OBJC_ISA_USAGE = YES_ERROR;
				CLANG_WARN_DOCUMENTATION_COMMENTS = YES;
				CLANG_WARN_EMPTY_BODY = YES;
				CLANG_WARN_ENUM_CONVERSION = YES;
				CLANG_WARN_INFINITE_RECURSION = YES;
				CLANG_WARN_INT_CONVERSION = YES;
				CLANG_WARN_NON_LITERAL_NULL_CONVERSION = YES;
				CLANG_WARN_OBJC_IMPLICIT_RETAIN_SELF = YES;
				CLANG_WARN_OBJC_LITERAL_CONVERSION = YES;
				CLANG_WARN_OBJC_ROOT_CLASS = YES_ERROR;
				CLANG_WARN_QUOTED_INCLUDE_IN_FRAMEWORK_HEADER = YES;
				CLANG_WARN_RANGE_LOOP_ANALYSIS = YES;
				CLANG_WARN_STRICT_PROTOTYPES = YES;
				CLANG_WARN_SUSPICIOUS_MOVE = YES;
				CLANG_WARN_UNGUARDED_AVAILABILITY = YES_AGGRESSIVE;
				CLANG_WARN_UNREACHABLE_CODE = YES;
				CLANG_WARN__DUPLICATE_METHOD_MATCH = YES;
				COPY_PHASE_STRIP = NO;
				DEBUG_INFORMATION_FORMAT = dwarf;
				ENABLE_STRICT_OBJC_MSGSEND = YES;
				ENABLE_TESTABILITY = YES;
				GCC_C_LANGUAGE_STANDARD = gnu11;
				GCC_DYNAMIC_NO_PIC = NO;
				GCC_NO_COMMON_BLOCKS = YES;
				GCC_OPTIMIZATION_LEVEL = 0;
				GCC_PREPROCESSOR_DEFINITIONS = (
					"DEBUG=1",
					"$(inherited)",
				);
				GCC_WARN_64_TO_32_BIT_CONVERSION = YES;
				GCC_WARN_ABOUT_RETURN_TYPE = YES_ERROR;
				GCC_WARN_UNDECLARED_SELECTOR = YES;
				GCC_WARN_UNINITIALIZED_AUTOS = YES_AGGRESSIVE;
				GCC_WARN_UNUSED_FUNCTION = YES;
				GCC_WARN_UNUSED_VARIABLE = YES;
				IPHONEOS_DEPLOYMENT_TARGET = 15.5;
				MTL_ENABLE_DEBUG_INFO = INCLUDE_SOURCE;
				MTL_FAST_MATH = YES;
				ONLY_ACTIVE_ARCH = YES;
				SDKROOT = iphoneos;
			};
			name = Debug;
		};
		BF999989286A47E5007299A4 /* Release */ = {
			isa = XCBuildConfiguration;
			buildSettings = {
				ALWAYS_SEARCH_USER_PATHS = NO;
				CLANG_ANALYZER_NONNULL = YES;
				CLANG_ANALYZER_NUMBER_OBJECT_CONVERSION = YES_AGGRESSIVE;
				CLANG_CXX_LANGUAGE_STANDARD = "gnu++17";
				CLANG_ENABLE_MODULES = YES;
				CLANG_ENABLE_OBJC_ARC = YES;
				CLANG_ENABLE_OBJC_WEAK = YES;
				CLANG_WARN_BLOCK_CAPTURE_AUTORELEASING = YES;
				CLANG_WARN_BOOL_CONVERSION = YES;
				CLANG_WARN_COMMA = YES;
				CLANG_WARN_CONSTANT_CONVERSION = YES;
				CLANG_WARN_DEPRECATED_OBJC_IMPLEMENTATIONS = YES;
				CLANG_WARN_DIRECT_OBJC_ISA_USAGE = YES_ERROR;
				CLANG_WARN_DOCUMENTATION_COMMENTS = YES;
				CLANG_WARN_EMPTY_BODY = YES;
				CLANG_WARN_ENUM_CONVERSION = YES;
				CLANG_WARN_INFINITE_RECURSION = YES;
				CLANG_WARN_INT_CONVERSION = YES;
				CLANG_WARN_NON_LITERAL_NULL_CONVERSION = YES;
				CLANG_WARN_OBJC_IMPLICIT_RETAIN_SELF = YES;
				CLANG_WARN_OBJC_LITERAL_CONVERSION = YES;
				CLANG_WARN_OBJC_ROOT_CLASS = YES_ERROR;
				CLANG_WARN_QUOTED_INCLUDE_IN_FRAMEWORK_HEADER = YES;
				CLANG_WARN_RANGE_LOOP_ANALYSIS = YES;
				CLANG_WARN_STRICT_PROTOTYPES = YES;
				CLANG_WARN_SUSPICIOUS_MOVE = YES;
				CLANG_WARN_UNGUARDED_AVAILABILITY = YES_AGGRESSIVE;
				CLANG_WARN_UNREACHABLE_CODE = YES;
				CLANG_WARN__DUPLICATE_METHOD_MATCH = YES;
				COPY_PHASE_STRIP = NO;
				DEBUG_INFORMATION_FORMAT = "dwarf-with-dsym";
				ENABLE_NS_ASSERTIONS = NO;
				ENABLE_STRICT_OBJC_MSGSEND = YES;
				GCC_C_LANGUAGE_STANDARD = gnu11;
				GCC_NO_COMMON_BLOCKS = YES;
				GCC_WARN_64_TO_32_BIT_CONVERSION = YES;
				GCC_WARN_ABOUT_RETURN_TYPE = YES_ERROR;
				GCC_WARN_UNDECLARED_SELECTOR = YES;
				GCC_WARN_UNINITIALIZED_AUTOS = YES_AGGRESSIVE;
				GCC_WARN_UNUSED_FUNCTION = YES;
				GCC_WARN_UNUSED_VARIABLE = YES;
				IPHONEOS_DEPLOYMENT_TARGET = 15.5;
				MTL_ENABLE_DEBUG_INFO = NO;
				MTL_FAST_MATH = YES;
				SDKROOT = iphoneos;
				VALIDATE_PRODUCT = YES;
			};
			name = Release;
		};
		BF99998B286A47E5007299A4 /* Debug */ = {
			isa = XCBuildConfiguration;
			baseConfigurationReference = EDAAAE1801C26C75C08045C7 /* Pods-Instagram.debug.xcconfig */;
			buildSettings = {
				ASSETCATALOG_COMPILER_APPICON_NAME = AppIcon;
				ASSETCATALOG_COMPILER_GLOBAL_ACCENT_COLOR_NAME = AccentColor;
				CODE_SIGN_STYLE = Automatic;
				CURRENT_PROJECT_VERSION = 1;
				DEVELOPMENT_TEAM = 3P2W72R536;
				GENERATE_INFOPLIST_FILE = YES;
				INFOPLIST_FILE = Instagram/Info.plist;
				INFOPLIST_KEY_UIApplicationSupportsIndirectInputEvents = YES;
				INFOPLIST_KEY_UILaunchStoryboardName = LaunchScreen;
				INFOPLIST_KEY_UIMainStoryboardFile = Main;
				INFOPLIST_KEY_UISupportedInterfaceOrientations_iPad = "UIInterfaceOrientationPortrait UIInterfaceOrientationPortraitUpsideDown UIInterfaceOrientationLandscapeLeft UIInterfaceOrientationLandscapeRight";
				INFOPLIST_KEY_UISupportedInterfaceOrientations_iPhone = "UIInterfaceOrientationPortrait UIInterfaceOrientationLandscapeLeft UIInterfaceOrientationLandscapeRight";
				LD_RUNPATH_SEARCH_PATHS = (
					"$(inherited)",
					"@executable_path/Frameworks",
				);
				MARKETING_VERSION = 1.0;
				PRODUCT_BUNDLE_IDENTIFIER = com.andreaslordos.Instagram;
				PRODUCT_NAME = "$(TARGET_NAME)";
				SWIFT_EMIT_LOC_STRINGS = YES;
				TARGETED_DEVICE_FAMILY = "1,2";
			};
			name = Debug;
		};
		BF99998C286A47E5007299A4 /* Release */ = {
			isa = XCBuildConfiguration;
			baseConfigurationReference = A37C4F7DE1D5C654C36F7D7E /* Pods-Instagram.release.xcconfig */;
			buildSettings = {
				ASSETCATALOG_COMPILER_APPICON_NAME = AppIcon;
				ASSETCATALOG_COMPILER_GLOBAL_ACCENT_COLOR_NAME = AccentColor;
				CODE_SIGN_STYLE = Automatic;
				CURRENT_PROJECT_VERSION = 1;
				DEVELOPMENT_TEAM = 3P2W72R536;
				GENERATE_INFOPLIST_FILE = YES;
				INFOPLIST_FILE = Instagram/Info.plist;
				INFOPLIST_KEY_UIApplicationSupportsIndirectInputEvents = YES;
				INFOPLIST_KEY_UILaunchStoryboardName = LaunchScreen;
				INFOPLIST_KEY_UIMainStoryboardFile = Main;
				INFOPLIST_KEY_UISupportedInterfaceOrientations_iPad = "UIInterfaceOrientationPortrait UIInterfaceOrientationPortraitUpsideDown UIInterfaceOrientationLandscapeLeft UIInterfaceOrientationLandscapeRight";
				INFOPLIST_KEY_UISupportedInterfaceOrientations_iPhone = "UIInterfaceOrientationPortrait UIInterfaceOrientationLandscapeLeft UIInterfaceOrientationLandscapeRight";
				LD_RUNPATH_SEARCH_PATHS = (
					"$(inherited)",
					"@executable_path/Frameworks",
				);
				MARKETING_VERSION = 1.0;
				PRODUCT_BUNDLE_IDENTIFIER = com.andreaslordos.Instagram;
				PRODUCT_NAME = "$(TARGET_NAME)";
				SWIFT_EMIT_LOC_STRINGS = YES;
				TARGETED_DEVICE_FAMILY = "1,2";
			};
			name = Release;
		};
		BF99998E286A47E5007299A4 /* Debug */ = {
			isa = XCBuildConfiguration;
			baseConfigurationReference = 3F186F6EA01F7B1E26B2596F /* Pods-InstagramTests.debug.xcconfig */;
			buildSettings = {
				BUNDLE_LOADER = "$(TEST_HOST)";
				CODE_SIGN_STYLE = Automatic;
				CURRENT_PROJECT_VERSION = 1;
				DEVELOPMENT_TEAM = 3P2W72R536;
				GENERATE_INFOPLIST_FILE = YES;
				IPHONEOS_DEPLOYMENT_TARGET = 15.5;
				MARKETING_VERSION = 1.0;
				PRODUCT_BUNDLE_IDENTIFIER = com.andreaslordos.InstagramTests;
				PRODUCT_NAME = "$(TARGET_NAME)";
				SWIFT_EMIT_LOC_STRINGS = NO;
				TARGETED_DEVICE_FAMILY = "1,2";
				TEST_HOST = "$(BUILT_PRODUCTS_DIR)/Instagram.app/Instagram";
			};
			name = Debug;
		};
		BF99998F286A47E5007299A4 /* Release */ = {
			isa = XCBuildConfiguration;
			baseConfigurationReference = C639A757E4F53C32D265F32A /* Pods-InstagramTests.release.xcconfig */;
			buildSettings = {
				BUNDLE_LOADER = "$(TEST_HOST)";
				CODE_SIGN_STYLE = Automatic;
				CURRENT_PROJECT_VERSION = 1;
				DEVELOPMENT_TEAM = 3P2W72R536;
				GENERATE_INFOPLIST_FILE = YES;
				IPHONEOS_DEPLOYMENT_TARGET = 15.5;
				MARKETING_VERSION = 1.0;
				PRODUCT_BUNDLE_IDENTIFIER = com.andreaslordos.InstagramTests;
				PRODUCT_NAME = "$(TARGET_NAME)";
				SWIFT_EMIT_LOC_STRINGS = NO;
				TARGETED_DEVICE_FAMILY = "1,2";
				TEST_HOST = "$(BUILT_PRODUCTS_DIR)/Instagram.app/Instagram";
			};
			name = Release;
		};
		BF999991286A47E5007299A4 /* Debug */ = {
			isa = XCBuildConfiguration;
			baseConfigurationReference = 732DF4420F08143066B40C01 /* Pods-Instagram-InstagramUITests.debug.xcconfig */;
			buildSettings = {
				CODE_SIGN_STYLE = Automatic;
				CURRENT_PROJECT_VERSION = 1;
				DEVELOPMENT_TEAM = 3P2W72R536;
				GENERATE_INFOPLIST_FILE = YES;
				MARKETING_VERSION = 1.0;
				PRODUCT_BUNDLE_IDENTIFIER = com.andreaslordos.InstagramUITests;
				PRODUCT_NAME = "$(TARGET_NAME)";
				SWIFT_EMIT_LOC_STRINGS = NO;
				TARGETED_DEVICE_FAMILY = "1,2";
				TEST_TARGET_NAME = Instagram;
			};
			name = Debug;
		};
		BF999992286A47E5007299A4 /* Release */ = {
			isa = XCBuildConfiguration;
			baseConfigurationReference = 79B088F4EACE968364DD802A /* Pods-Instagram-InstagramUITests.release.xcconfig */;
			buildSettings = {
				CODE_SIGN_STYLE = Automatic;
				CURRENT_PROJECT_VERSION = 1;
				DEVELOPMENT_TEAM = 3P2W72R536;
				GENERATE_INFOPLIST_FILE = YES;
				MARKETING_VERSION = 1.0;
				PRODUCT_BUNDLE_IDENTIFIER = com.andreaslordos.InstagramUITests;
				PRODUCT_NAME = "$(TARGET_NAME)";
				SWIFT_EMIT_LOC_STRINGS = NO;
				TARGETED_DEVICE_FAMILY = "1,2";
				TEST_TARGET_NAME = Instagram;
			};
			name = Release;
		};
/* End XCBuildConfiguration section */

/* Begin XCConfigurationList section */
		BF999956286A47E4007299A4 /* Build configuration list for PBXProject "Instagram" */ = {
			isa = XCConfigurationList;
			buildConfigurations = (
				BF999988286A47E5007299A4 /* Debug */,
				BF999989286A47E5007299A4 /* Release */,
			);
			defaultConfigurationIsVisible = 0;
			defaultConfigurationName = Release;
		};
		BF99998A286A47E5007299A4 /* Build configuration list for PBXNativeTarget "Instagram" */ = {
			isa = XCConfigurationList;
			buildConfigurations = (
				BF99998B286A47E5007299A4 /* Debug */,
				BF99998C286A47E5007299A4 /* Release */,
			);
			defaultConfigurationIsVisible = 0;
			defaultConfigurationName = Release;
		};
		BF99998D286A47E5007299A4 /* Build configuration list for PBXNativeTarget "InstagramTests" */ = {
			isa = XCConfigurationList;
			buildConfigurations = (
				BF99998E286A47E5007299A4 /* Debug */,
				BF99998F286A47E5007299A4 /* Release */,
			);
			defaultConfigurationIsVisible = 0;
			defaultConfigurationName = Release;
		};
		BF999990286A47E5007299A4 /* Build configuration list for PBXNativeTarget "InstagramUITests" */ = {
			isa = XCConfigurationList;
			buildConfigurations = (
				BF999991286A47E5007299A4 /* Debug */,
				BF999992286A47E5007299A4 /* Release */,
			);
			defaultConfigurationIsVisible = 0;
			defaultConfigurationName = Release;
		};
/* End XCConfigurationList section */
	};
	rootObject = BF999953286A47E4007299A4 /* Project object */;
}
